
Microsoft Visual Studio Solution File, Format Version 12.00
# Visual Studio Version 17
VisualStudioVersion = 17.6.33829.357
MinimumVisualStudioVersion = 10.0.40219.1
Project("{8BC9CEB8-8B4A-11D0-8D11-00A0C91BC942}") = "Common", "Common\Common.vcxproj", "{4CA8DF6A-4F5D-4F44-A590-43D541AD684E}"
EndProject
Project("{8BC9CEB8-8B4A-11D0-8D11-00A0C91BC942}") = "TestMy", "TestMy\TestMy.vcxproj", "{29C8FE41-93E9-405E-9EF9-E03550ED3504}"
EndProject
Project("{8BC9CEB8-8B4A-11D0-8D11-00A0C91BC942}") = "RotatingMeshes", "RotatingMeshes\RotatingMeshes.vcxproj", "{3C2CD33E-5300-46F0-9EDF-E4ECFC6CD37D}"
EndProject
Global
	GlobalSection(SolutionConfigurationPlatforms) = preSolution
		Debug|x64 = Debug|x64
		Debug|x86 = Debug|x86
		Release|x64 = Release|x64
		Release|x86 = Release|x86
	EndGlobalSection
	GlobalSection(ProjectConfigurationPlatforms) = postSolution
		{4CA8DF6A-4F5D-4F44-A590-43D541AD684E}.Debug|x64.ActiveCfg = Debug|x64
		{4CA8DF6A-4F5D-4F44-A590-43D541AD684E}.Debug|x64.Build.0 = Debug|x64
		{4CA8DF6A-4F5D-4F44-A590-43D541AD684E}.Debug|x86.ActiveCfg = Debug|Win32
		{4CA8DF6A-4F5D-4F44-A590-43D541AD684E}.Debug|x86.Build.0 = Debug|Win32
		{4CA8DF6A-4F5D-4F44-A590-43D541AD684E}.Release|x64.ActiveCfg = Release|x64
		{4CA8DF6A-4F5D-4F44-A590-43D541AD684E}.Release|x64.Build.0 = Release|x64
		{4CA8DF6A-4F5D-4F44-A590-43D541AD684E}.Release|x86.ActiveCfg = Release|Win32
		{4CA8DF6A-4F5D-4F44-A590-43D541AD684E}.Release|x86.Build.0 = Release|Win32
		{29C8FE41-93E9-405E-9EF9-E03550ED3504}.Debug|x64.ActiveCfg = Debug|x64
		{29C8FE41-93E9-405E-9EF9-E03550ED3504}.Debug|x64.Build.0 = Debug|x64
		{29C8FE41-93E9-405E-9EF9-E03550ED3504}.Debug|x86.ActiveCfg = Debug|Win32
		{29C8FE41-93E9-405E-9EF9-E03550ED3504}.Debug|x86.Build.0 = Debug|Win32
		{29C8FE41-93E9-405E-9EF9-E03550ED3504}.Release|x64.ActiveCfg = Release|x64
		{29C8FE41-93E9-405E-9EF9-E03550ED3504}.Release|x64.Build.0 = Release|x64
		{29C8FE41-93E9-405E-9EF9-E03550ED3504}.Release|x86.ActiveCfg = Release|Win32
		{29C8FE41-93E9-405E-9EF9-E03550ED3504}.Release|x86.Build.0 = Release|Win32
		{3C2CD33E-5300-46F0-9EDF-E4ECFC6CD37D}.Debug|x64.ActiveCfg = Debug|x64
		{3C2CD33E-5300-46F0-9EDF-E4ECFC6CD37D}.Debug|x64.Build.0 = Debug|x64
		{3C2CD33E-5300-46F0-9EDF-E4ECFC6CD37D}.Debug|x86.ActiveCfg = Debug|Win32
		{3C2CD33E-5300-46F0-9EDF-E4ECFC6CD37D}.Debug|x86.Build.0 = Debug|Win32
		{3C2CD33E-5300-46F0-9EDF-E4ECFC6CD37D}.Release|x64.ActiveCfg = Release|x64
		{3C2CD33E-5300-46F0-9EDF-E4ECFC6CD37D}.Release|x64.Build.0 = Release|x64
		{3C2CD33E-5300-46F0-9EDF-E4ECFC6CD37D}.Release|x86.ActiveCfg = Release|Win32
		{3C2CD33E-5300-46F0-9EDF-E4ECFC6CD37D}.Release|x86.Build.0 = Release|Win32
	EndGlobalSection
	GlobalSection(SolutionProperties) = preSolution
		HideSolutionNode = FALSE
	EndGlobalSection
	GlobalSection(ExtensibilityGlobals) = postSolution
		SolutionGuid = {AF583E34-818C-4168-83ED-890A0D2EFA33}
	EndGlobalSection
EndGlobal
