
Microsoft Visual Studio Solution File, Format Version 12.00
# Visual Studio Version 17
VisualStudioVersion = 17.6.33829.357
MinimumVisualStudioVersion = 10.0.40219.1
Project("{8BC9CEB8-8B4A-11D0-8D11-00A0C91BC942}") = "Common", "Common\Common.vcxproj", "{4CA8DF6A-4F5D-4F44-A590-43D541AD684E}"
EndProject
Project("{8BC9CEB8-8B4A-11D0-8D11-00A0C91BC942}") = "TestMy", "TestMy\TestMy.vcxproj", "{29C8FE41-93E9-405E-9EF9-E03550ED3504}"
EndProject
Project("{8BC9CEB8-8B4A-11D0-8D11-00A0C91BC942}") = "RotatingMeshes", "RotatingMeshes\RotatingMeshes.vcxproj", "{3C2CD33E-5300-46F0-9EDF-E4ECFC6CD37D}"
EndProject
Project("{8BC9CEB8-8B4A-11D0-8D11-00A0C91BC942}") = "Lighting", "Lighting\Lighting.vcxproj", "{9311899F-D23B-4B16-AA9B-21AFF1DBFE20}"
EndProject
Project("{8BC9CEB8-8B4A-11D0-8D11-00A0C91BC942}") = "SkyBox", "SkyBox\SkyBox.vcxproj", "{46DD9779-31D6-4FD0-B93C-9A85871BD3CB}"
EndProject
Project("{8BC9CEB8-8B4A-11D0-8D11-00A0C91BC942}") = "BlinnPhong", "BlinnPhong\BlinnPhong.vcxproj", "{AABA0B78-973E-4110-91F5-89D9A3DF8583}"
EndProject
Project("{8BC9CEB8-8B4A-11D0-8D11-00A0C91BC942}") = "NormalMap", "NormalMap\NormalMap.vcxproj", "{5BAD32CF-636A-4F58-B1CB-EDD5497091B9}"
EndProject
Project("{8BC9CEB8-8B4A-11D0-8D11-00A0C91BC942}") = "MeshLoading", "MeshLoading\MeshLoading.vcxproj", "{DA181F5D-B608-43A7-BBD4-8433466C3B45}"
EndProject
Project("{8BC9CEB8-8B4A-11D0-8D11-00A0C91BC942}") = "RigidSkeletalMesh", "RigidSkeletalMesh\RigidSkeletalMesh.vcxproj", "{CE6E7B2B-B034-451B-B6C0-9FA45B75C0E7}"
EndProject
Project("{8BC9CEB8-8B4A-11D0-8D11-00A0C91BC942}") = "ShadowMapping", "ShadowMapping\ShadowMapping.vcxproj", "{475ADEEB-D89E-4B55-A6EC-42C57D4C4D10}"
EndProject
Project("{8BC9CEB8-8B4A-11D0-8D11-00A0C91BC942}") = "ToonShade", "ToonShade\ToonShade.vcxproj", "{374B3FCC-CD04-4133-B389-9BAD90D4E2A1}"
EndProject
Project("{8BC9CEB8-8B4A-11D0-8D11-00A0C91BC942}") = "PBR", "PBR\PBR.vcxproj", "{71634112-DB68-4AA7-8263-567AAB367281}"
EndProject
Project("{8BC9CEB8-8B4A-11D0-8D11-00A0C91BC942}") = "ResourceManager", "ResourceManager\ResourceManager.vcxproj", "{6C308590-911C-4EDB-A96E-E6A14413C253}"
EndProject
Project("{8BC9CEB8-8B4A-11D0-8D11-00A0C91BC942}") = "IBL", "IBL\IBL.vcxproj", "{FBD95532-FB13-4CE9-9D75-260FAFF73EEB}"
EndProject
Project("{8BC9CEB8-8B4A-11D0-8D11-00A0C91BC942}") = "ToneMapping", "ToneMapping\ToneMapping.vcxproj", "{989A48CE-B42A-4F00-883B-27B87707F05E}"
EndProject
Project("{8BC9CEB8-8B4A-11D0-8D11-00A0C91BC942}") = "DeferredRendering", "DeferredRendering\DeferredRendering.vcxproj", "{17353F36-0DC5-4E57-ADBA-32F340F12DAC}"
EndProject
Project("{8BC9CEB8-8B4A-11D0-8D11-00A0C91BC942}") = "PhysX", "PhysX\PhysX.vcxproj", "{835D8D6D-C328-4C97-8D9A-35E61310C8C3}"
EndProject
Global
	GlobalSection(SolutionConfigurationPlatforms) = preSolution
		Debug|x64 = Debug|x64
		Debug|x86 = Debug|x86
		Release|x64 = Release|x64
		Release|x86 = Release|x86
	EndGlobalSection
	GlobalSection(ProjectConfigurationPlatforms) = postSolution
		{4CA8DF6A-4F5D-4F44-A590-43D541AD684E}.Debug|x64.ActiveCfg = Debug|x64
		{4CA8DF6A-4F5D-4F44-A590-43D541AD684E}.Debug|x64.Build.0 = Debug|x64
		{4CA8DF6A-4F5D-4F44-A590-43D541AD684E}.Debug|x86.ActiveCfg = Debug|Win32
		{4CA8DF6A-4F5D-4F44-A590-43D541AD684E}.Debug|x86.Build.0 = Debug|Win32
		{4CA8DF6A-4F5D-4F44-A590-43D541AD684E}.Release|x64.ActiveCfg = Release|x64
		{4CA8DF6A-4F5D-4F44-A590-43D541AD684E}.Release|x64.Build.0 = Release|x64
		{4CA8DF6A-4F5D-4F44-A590-43D541AD684E}.Release|x86.ActiveCfg = Release|Win32
		{4CA8DF6A-4F5D-4F44-A590-43D541AD684E}.Release|x86.Build.0 = Release|Win32
		{29C8FE41-93E9-405E-9EF9-E03550ED3504}.Debug|x64.ActiveCfg = Debug|x64
		{29C8FE41-93E9-405E-9EF9-E03550ED3504}.Debug|x64.Build.0 = Debug|x64
		{29C8FE41-93E9-405E-9EF9-E03550ED3504}.Debug|x86.ActiveCfg = Debug|Win32
		{29C8FE41-93E9-405E-9EF9-E03550ED3504}.Debug|x86.Build.0 = Debug|Win32
		{29C8FE41-93E9-405E-9EF9-E03550ED3504}.Release|x64.ActiveCfg = Release|x64
		{29C8FE41-93E9-405E-9EF9-E03550ED3504}.Release|x64.Build.0 = Release|x64
		{29C8FE41-93E9-405E-9EF9-E03550ED3504}.Release|x86.ActiveCfg = Release|Win32
		{29C8FE41-93E9-405E-9EF9-E03550ED3504}.Release|x86.Build.0 = Release|Win32
		{3C2CD33E-5300-46F0-9EDF-E4ECFC6CD37D}.Debug|x64.ActiveCfg = Debug|x64
		{3C2CD33E-5300-46F0-9EDF-E4ECFC6CD37D}.Debug|x64.Build.0 = Debug|x64
		{3C2CD33E-5300-46F0-9EDF-E4ECFC6CD37D}.Debug|x86.ActiveCfg = Debug|Win32
		{3C2CD33E-5300-46F0-9EDF-E4ECFC6CD37D}.Debug|x86.Build.0 = Debug|Win32
		{3C2CD33E-5300-46F0-9EDF-E4ECFC6CD37D}.Release|x64.ActiveCfg = Release|x64
		{3C2CD33E-5300-46F0-9EDF-E4ECFC6CD37D}.Release|x64.Build.0 = Release|x64
		{3C2CD33E-5300-46F0-9EDF-E4ECFC6CD37D}.Release|x86.ActiveCfg = Release|Win32
		{3C2CD33E-5300-46F0-9EDF-E4ECFC6CD37D}.Release|x86.Build.0 = Release|Win32
		{9311899F-D23B-4B16-AA9B-21AFF1DBFE20}.Debug|x64.ActiveCfg = Debug|x64
		{9311899F-D23B-4B16-AA9B-21AFF1DBFE20}.Debug|x64.Build.0 = Debug|x64
		{9311899F-D23B-4B16-AA9B-21AFF1DBFE20}.Debug|x86.ActiveCfg = Debug|Win32
		{9311899F-D23B-4B16-AA9B-21AFF1DBFE20}.Debug|x86.Build.0 = Debug|Win32
		{9311899F-D23B-4B16-AA9B-21AFF1DBFE20}.Release|x64.ActiveCfg = Release|x64
		{9311899F-D23B-4B16-AA9B-21AFF1DBFE20}.Release|x64.Build.0 = Release|x64
		{9311899F-D23B-4B16-AA9B-21AFF1DBFE20}.Release|x86.ActiveCfg = Release|Win32
		{9311899F-D23B-4B16-AA9B-21AFF1DBFE20}.Release|x86.Build.0 = Release|Win32
		{46DD9779-31D6-4FD0-B93C-9A85871BD3CB}.Debug|x64.ActiveCfg = Debug|x64
		{46DD9779-31D6-4FD0-B93C-9A85871BD3CB}.Debug|x64.Build.0 = Debug|x64
		{46DD9779-31D6-4FD0-B93C-9A85871BD3CB}.Debug|x86.ActiveCfg = Debug|Win32
		{46DD9779-31D6-4FD0-B93C-9A85871BD3CB}.Debug|x86.Build.0 = Debug|Win32
		{46DD9779-31D6-4FD0-B93C-9A85871BD3CB}.Release|x64.ActiveCfg = Release|x64
		{46DD9779-31D6-4FD0-B93C-9A85871BD3CB}.Release|x64.Build.0 = Release|x64
		{46DD9779-31D6-4FD0-B93C-9A85871BD3CB}.Release|x86.ActiveCfg = Release|Win32
		{46DD9779-31D6-4FD0-B93C-9A85871BD3CB}.Release|x86.Build.0 = Release|Win32
		{AABA0B78-973E-4110-91F5-89D9A3DF8583}.Debug|x64.ActiveCfg = Debug|x64
		{AABA0B78-973E-4110-91F5-89D9A3DF8583}.Debug|x64.Build.0 = Debug|x64
		{AABA0B78-973E-4110-91F5-89D9A3DF8583}.Debug|x86.ActiveCfg = Debug|Win32
		{AABA0B78-973E-4110-91F5-89D9A3DF8583}.Debug|x86.Build.0 = Debug|Win32
		{AABA0B78-973E-4110-91F5-89D9A3DF8583}.Release|x64.ActiveCfg = Release|x64
		{AABA0B78-973E-4110-91F5-89D9A3DF8583}.Release|x64.Build.0 = Release|x64
		{AABA0B78-973E-4110-91F5-89D9A3DF8583}.Release|x86.ActiveCfg = Release|Win32
		{AABA0B78-973E-4110-91F5-89D9A3DF8583}.Release|x86.Build.0 = Release|Win32
		{5BAD32CF-636A-4F58-B1CB-EDD5497091B9}.Debug|x64.ActiveCfg = Debug|x64
		{5BAD32CF-636A-4F58-B1CB-EDD5497091B9}.Debug|x64.Build.0 = Debug|x64
		{5BAD32CF-636A-4F58-B1CB-EDD5497091B9}.Debug|x86.ActiveCfg = Debug|Win32
		{5BAD32CF-636A-4F58-B1CB-EDD5497091B9}.Debug|x86.Build.0 = Debug|Win32
		{5BAD32CF-636A-4F58-B1CB-EDD5497091B9}.Release|x64.ActiveCfg = Release|x64
		{5BAD32CF-636A-4F58-B1CB-EDD5497091B9}.Release|x64.Build.0 = Release|x64
		{5BAD32CF-636A-4F58-B1CB-EDD5497091B9}.Release|x86.ActiveCfg = Release|Win32
		{5BAD32CF-636A-4F58-B1CB-EDD5497091B9}.Release|x86.Build.0 = Release|Win32
		{DA181F5D-B608-43A7-BBD4-8433466C3B45}.Debug|x64.ActiveCfg = Debug|x64
		{DA181F5D-B608-43A7-BBD4-8433466C3B45}.Debug|x64.Build.0 = Debug|x64
		{DA181F5D-B608-43A7-BBD4-8433466C3B45}.Debug|x86.ActiveCfg = Debug|Win32
		{DA181F5D-B608-43A7-BBD4-8433466C3B45}.Debug|x86.Build.0 = Debug|Win32
		{DA181F5D-B608-43A7-BBD4-8433466C3B45}.Release|x64.ActiveCfg = Release|x64
		{DA181F5D-B608-43A7-BBD4-8433466C3B45}.Release|x64.Build.0 = Release|x64
		{DA181F5D-B608-43A7-BBD4-8433466C3B45}.Release|x86.ActiveCfg = Release|Win32
		{DA181F5D-B608-43A7-BBD4-8433466C3B45}.Release|x86.Build.0 = Release|Win32
		{CE6E7B2B-B034-451B-B6C0-9FA45B75C0E7}.Debug|x64.ActiveCfg = Debug|x64
		{CE6E7B2B-B034-451B-B6C0-9FA45B75C0E7}.Debug|x64.Build.0 = Debug|x64
		{CE6E7B2B-B034-451B-B6C0-9FA45B75C0E7}.Debug|x86.ActiveCfg = Debug|Win32
		{CE6E7B2B-B034-451B-B6C0-9FA45B75C0E7}.Debug|x86.Build.0 = Debug|Win32
		{CE6E7B2B-B034-451B-B6C0-9FA45B75C0E7}.Release|x64.ActiveCfg = Release|x64
		{CE6E7B2B-B034-451B-B6C0-9FA45B75C0E7}.Release|x64.Build.0 = Release|x64
		{CE6E7B2B-B034-451B-B6C0-9FA45B75C0E7}.Release|x86.ActiveCfg = Release|Win32
		{CE6E7B2B-B034-451B-B6C0-9FA45B75C0E7}.Release|x86.Build.0 = Release|Win32
		{475ADEEB-D89E-4B55-A6EC-42C57D4C4D10}.Debug|x64.ActiveCfg = Debug|x64
		{475ADEEB-D89E-4B55-A6EC-42C57D4C4D10}.Debug|x64.Build.0 = Debug|x64
		{475ADEEB-D89E-4B55-A6EC-42C57D4C4D10}.Debug|x86.ActiveCfg = Debug|Win32
		{475ADEEB-D89E-4B55-A6EC-42C57D4C4D10}.Debug|x86.Build.0 = Debug|Win32
		{475ADEEB-D89E-4B55-A6EC-42C57D4C4D10}.Release|x64.ActiveCfg = Release|x64
		{475ADEEB-D89E-4B55-A6EC-42C57D4C4D10}.Release|x64.Build.0 = Release|x64
		{475ADEEB-D89E-4B55-A6EC-42C57D4C4D10}.Release|x86.ActiveCfg = Release|Win32
		{475ADEEB-D89E-4B55-A6EC-42C57D4C4D10}.Release|x86.Build.0 = Release|Win32
		{374B3FCC-CD04-4133-B389-9BAD90D4E2A1}.Debug|x64.ActiveCfg = Debug|x64
		{374B3FCC-CD04-4133-B389-9BAD90D4E2A1}.Debug|x64.Build.0 = Debug|x64
		{374B3FCC-CD04-4133-B389-9BAD90D4E2A1}.Debug|x86.ActiveCfg = Debug|Win32
		{374B3FCC-CD04-4133-B389-9BAD90D4E2A1}.Debug|x86.Build.0 = Debug|Win32
		{374B3FCC-CD04-4133-B389-9BAD90D4E2A1}.Release|x64.ActiveCfg = Release|x64
		{374B3FCC-CD04-4133-B389-9BAD90D4E2A1}.Release|x64.Build.0 = Release|x64
		{374B3FCC-CD04-4133-B389-9BAD90D4E2A1}.Release|x86.ActiveCfg = Release|Win32
		{374B3FCC-CD04-4133-B389-9BAD90D4E2A1}.Release|x86.Build.0 = Release|Win32
		{71634112-DB68-4AA7-8263-567AAB367281}.Debug|x64.ActiveCfg = Debug|x64
		{71634112-DB68-4AA7-8263-567AAB367281}.Debug|x64.Build.0 = Debug|x64
		{71634112-DB68-4AA7-8263-567AAB367281}.Debug|x86.ActiveCfg = Debug|Win32
		{71634112-DB68-4AA7-8263-567AAB367281}.Debug|x86.Build.0 = Debug|Win32
		{71634112-DB68-4AA7-8263-567AAB367281}.Release|x64.ActiveCfg = Release|x64
		{71634112-DB68-4AA7-8263-567AAB367281}.Release|x64.Build.0 = Release|x64
		{71634112-DB68-4AA7-8263-567AAB367281}.Release|x86.ActiveCfg = Release|Win32
		{71634112-DB68-4AA7-8263-567AAB367281}.Release|x86.Build.0 = Release|Win32
		{6C308590-911C-4EDB-A96E-E6A14413C253}.Debug|x64.ActiveCfg = Debug|x64
		{6C308590-911C-4EDB-A96E-E6A14413C253}.Debug|x64.Build.0 = Debug|x64
		{6C308590-911C-4EDB-A96E-E6A14413C253}.Debug|x86.ActiveCfg = Debug|Win32
		{6C308590-911C-4EDB-A96E-E6A14413C253}.Debug|x86.Build.0 = Debug|Win32
		{6C308590-911C-4EDB-A96E-E6A14413C253}.Release|x64.ActiveCfg = Release|x64
		{6C308590-911C-4EDB-A96E-E6A14413C253}.Release|x64.Build.0 = Release|x64
		{6C308590-911C-4EDB-A96E-E6A14413C253}.Release|x86.ActiveCfg = Release|Win32
		{6C308590-911C-4EDB-A96E-E6A14413C253}.Release|x86.Build.0 = Release|Win32
		{FBD95532-FB13-4CE9-9D75-260FAFF73EEB}.Debug|x64.ActiveCfg = Debug|x64
		{FBD95532-FB13-4CE9-9D75-260FAFF73EEB}.Debug|x64.Build.0 = Debug|x64
		{FBD95532-FB13-4CE9-9D75-260FAFF73EEB}.Debug|x86.ActiveCfg = Debug|Win32
		{FBD95532-FB13-4CE9-9D75-260FAFF73EEB}.Debug|x86.Build.0 = Debug|Win32
		{FBD95532-FB13-4CE9-9D75-260FAFF73EEB}.Release|x64.ActiveCfg = Release|x64
		{FBD95532-FB13-4CE9-9D75-260FAFF73EEB}.Release|x64.Build.0 = Release|x64
		{FBD95532-FB13-4CE9-9D75-260FAFF73EEB}.Release|x86.ActiveCfg = Release|Win32
		{FBD95532-FB13-4CE9-9D75-260FAFF73EEB}.Release|x86.Build.0 = Release|Win32
		{989A48CE-B42A-4F00-883B-27B87707F05E}.Debug|x64.ActiveCfg = Debug|x64
		{989A48CE-B42A-4F00-883B-27B87707F05E}.Debug|x64.Build.0 = Debug|x64
		{989A48CE-B42A-4F00-883B-27B87707F05E}.Debug|x86.ActiveCfg = Debug|Win32
		{989A48CE-B42A-4F00-883B-27B87707F05E}.Debug|x86.Build.0 = Debug|Win32
		{989A48CE-B42A-4F00-883B-27B87707F05E}.Release|x64.ActiveCfg = Release|x64
		{989A48CE-B42A-4F00-883B-27B87707F05E}.Release|x64.Build.0 = Release|x64
		{989A48CE-B42A-4F00-883B-27B87707F05E}.Release|x86.ActiveCfg = Release|Win32
		{989A48CE-B42A-4F00-883B-27B87707F05E}.Release|x86.Build.0 = Release|Win32
		{17353F36-0DC5-4E57-ADBA-32F340F12DAC}.Debug|x64.ActiveCfg = Debug|x64
		{17353F36-0DC5-4E57-ADBA-32F340F12DAC}.Debug|x64.Build.0 = Debug|x64
		{17353F36-0DC5-4E57-ADBA-32F340F12DAC}.Debug|x86.ActiveCfg = Debug|Win32
		{17353F36-0DC5-4E57-ADBA-32F340F12DAC}.Debug|x86.Build.0 = Debug|Win32
		{17353F36-0DC5-4E57-ADBA-32F340F12DAC}.Release|x64.ActiveCfg = Release|x64
		{17353F36-0DC5-4E57-ADBA-32F340F12DAC}.Release|x64.Build.0 = Release|x64
		{17353F36-0DC5-4E57-ADBA-32F340F12DAC}.Release|x86.ActiveCfg = Release|Win32
		{17353F36-0DC5-4E57-ADBA-32F340F12DAC}.Release|x86.Build.0 = Release|Win32
		{835D8D6D-C328-4C97-8D9A-35E61310C8C3}.Debug|x64.ActiveCfg = Debug|x64
		{835D8D6D-C328-4C97-8D9A-35E61310C8C3}.Debug|x64.Build.0 = Debug|x64
		{835D8D6D-C328-4C97-8D9A-35E61310C8C3}.Debug|x86.ActiveCfg = Debug|Win32
		{835D8D6D-C328-4C97-8D9A-35E61310C8C3}.Debug|x86.Build.0 = Debug|Win32
		{835D8D6D-C328-4C97-8D9A-35E61310C8C3}.Release|x64.ActiveCfg = Release|x64
		{835D8D6D-C328-4C97-8D9A-35E61310C8C3}.Release|x64.Build.0 = Release|x64
		{835D8D6D-C328-4C97-8D9A-35E61310C8C3}.Release|x86.ActiveCfg = Release|Win32
		{835D8D6D-C328-4C97-8D9A-35E61310C8C3}.Release|x86.Build.0 = Release|Win32
	EndGlobalSection
	GlobalSection(SolutionProperties) = preSolution
		HideSolutionNode = FALSE
	EndGlobalSection
	GlobalSection(ExtensibilityGlobals) = postSolution
		SolutionGuid = {AF583E34-818C-4168-83ED-890A0D2EFA33}
	EndGlobalSection
EndGlobal
