<?xml version="1.0" encoding="utf-8"?>
<Project ToolsVersion="4.0" xmlns="http://schemas.microsoft.com/developer/msbuild/2003">
  <ItemGroup>
    <Filter Include="소스 파일">
      <UniqueIdentifier>{4FC737F1-C7A5-4376-A066-2A32D752A2FF}</UniqueIdentifier>
      <Extensions>cpp;c;cc;cxx;c++;cppm;ixx;def;odl;idl;hpj;bat;asm;asmx</Extensions>
    </Filter>
    <Filter Include="헤더 파일">
      <UniqueIdentifier>{93995380-89BD-4b04-88EB-625FBE52EBFB}</UniqueIdentifier>
      <Extensions>h;hh;hpp;hxx;h++;hm;inl;inc;ipp;xsd</Extensions>
    </Filter>
    <Filter Include="리소스 파일">
      <UniqueIdentifier>{67DA6AB6-F800-4c08-8B7A-83BB121AAD01}</UniqueIdentifier>
      <Extensions>rc;ico;cur;bmp;dlg;rc2;rct;bin;rgs;gif;jpg;jpeg;jpe;resx;tiff;tif;png;wav;mfcribbon-ms</Extensions>
    </Filter>
    <Filter Include="PhysX">
      <UniqueIdentifier>{b4f276d9-8064-48b6-8e8f-12201b6b30c0}</UniqueIdentifier>
    </Filter>
    <Filter Include="PhysX\Component">
      <UniqueIdentifier>{611c284b-e239-494a-a97e-220631374e72}</UniqueIdentifier>
    </Filter>
  </ItemGroup>
  <ItemGroup>
    <ClCompile Include="Animation.cpp">
      <Filter>소스 파일</Filter>
    </ClCompile>
    <ClCompile Include="AnimationController.cpp">
      <Filter>소스 파일</Filter>
    </ClCompile>
    <ClCompile Include="DeferredRendering.cpp">
      <Filter>소스 파일</Filter>
    </ClCompile>
    <ClCompile Include="ModelLoader.cpp">
      <Filter>소스 파일</Filter>
    </ClCompile>
    <ClCompile Include="SkeletonInfo.cpp">
      <Filter>소스 파일</Filter>
    </ClCompile>
    <ClCompile Include="TextureLoader.cpp">
      <Filter>소스 파일</Filter>
    </ClCompile>
    <ClCompile Include="WinMain.cpp">
      <Filter>소스 파일</Filter>
    </ClCompile>
    <ClCompile Include="PhysManager.cpp">
      <Filter>PhysX</Filter>
    </ClCompile>
    <ClCompile Include="PhysX.cpp">
      <Filter>PhysX</Filter>
    </ClCompile>
    <ClCompile Include="PhysWorld.cpp">
      <Filter>PhysX</Filter>
    </ClCompile>
    <ClCompile Include="ColliderComponent.cpp">
      <Filter>PhysX\Component</Filter>
    </ClCompile>
    <ClCompile Include="RigidBodyComponent.cpp">
      <Filter>PhysX\Component</Filter>
    </ClCompile>
    <ClCompile Include="PhysicsFilter.cpp">
      <Filter>PhysX</Filter>
    </ClCompile>
    <ClCompile Include="PhysicsEventCallback.cpp">
      <Filter>PhysX</Filter>
    </ClCompile>
    <ClCompile Include="PhysXHelper.cpp">
      <Filter>PhysX</Filter>
    </ClCompile>
    <ClCompile Include="Transform.cpp">
      <Filter>소스 파일</Filter>
    </ClCompile>
  </ItemGroup>
  <ItemGroup>
    <ClInclude Include="Animation.h">
      <Filter>헤더 파일</Filter>
    </ClInclude>
    <ClInclude Include="AnimationController.h">
      <Filter>헤더 파일</Filter>
    </ClInclude>
    <ClInclude Include="AnimSampler.h">
      <Filter>헤더 파일</Filter>
    </ClInclude>
    <ClInclude Include="BoneInfo.h">
      <Filter>헤더 파일</Filter>
    </ClInclude>
    <ClInclude Include="DeferredRendering.h">
      <Filter>헤더 파일</Filter>
    </ClInclude>
    <ClInclude Include="ModelLoader.h">
      <Filter>헤더 파일</Filter>
    </ClInclude>
    <ClInclude Include="SkeletonInfo.h">
      <Filter>헤더 파일</Filter>
    </ClInclude>
    <ClInclude Include="TextureLoader.h">
      <Filter>헤더 파일</Filter>
    </ClInclude>
    <ClInclude Include="PhysManager.h">
      <Filter>PhysX</Filter>
    </ClInclude>
    <ClInclude Include="PhysX.h">
      <Filter>PhysX</Filter>
    </ClInclude>
    <ClInclude Include="PhysXHelper.h">
      <Filter>PhysX</Filter>
    </ClInclude>
    <ClInclude Include="PhysWorld.h">
      <Filter>PhysX</Filter>
    </ClInclude>
    <ClInclude Include="ColliderComponent.h">
      <Filter>PhysX\Component</Filter>
    </ClInclude>
    <ClInclude Include="RigidBodyComponent.h">
      <Filter>PhysX\Component</Filter>
    </ClInclude>
    <ClInclude Include="PhysicsFilter.h">
      <Filter>PhysX</Filter>
    </ClInclude>
    <ClInclude Include="PhysicsEventCallback.h">
      <Filter>PhysX</Filter>
    </ClInclude>
    <ClInclude Include="Transform.h">
      <Filter>헤더 파일</Filter>
    </ClInclude>
  </ItemGroup>
</Project>